
Microsoft Visual Studio Solution File, Format Version 11.00
# Visual Studio 2010
Project("{535C04D7-A2A5-47C7-83E0-B340A995CD1F}") = "apartmentProfitCalculator", "apartmentProfitCalculator\apartmentProfitCalculator.cblproj", "{CBD305BE-AAC6-4B51-A0AC-7F6A36DF8359}"
EndProject
Global
	GlobalSection(SolutionConfigurationPlatforms) = preSolution
		Debug|Any CPU = Debug|Any CPU
		Release|Any CPU = Release|Any CPU
	EndGlobalSection
	GlobalSection(ProjectConfigurationPlatforms) = postSolution
		{CBD305BE-AAC6-4B51-A0AC-7F6A36DF8359}.Debug|Any CPU.ActiveCfg = Debug|Any CPU
		{CBD305BE-AAC6-4B51-A0AC-7F6A36DF8359}.Debug|Any CPU.Build.0 = Debug|Any CPU
		{CBD305BE-AAC6-4B51-A0AC-7F6A36DF8359}.Release|Any CPU.ActiveCfg = Release|Any CPU
		{CBD305BE-AAC6-4B51-A0AC-7F6A36DF8359}.Release|Any CPU.Build.0 = Release|Any CPU
	EndGlobalSection
	GlobalSection(SolutionProperties) = preSolution
		HideSolutionNode = FALSE
	EndGlobalSection
EndGlobal
